
Microsoft Visual Studio Solution File, Format Version 12.00
# Visual Studio Version 17
VisualStudioVersion = 17.14.37012.4 d17.14
MinimumVisualStudioVersion = 10.0.40219.1
Project("{FAE04EC0-301F-11D3-BF4B-00C04F79EFBC}") = "WebApplication1", "WebApplication1\WebApplication1.csproj", "{184EF15D-FF56-4EE6-8C5F-C7437F819492}"
EndProject
Global
	GlobalSection(SolutionConfigurationPlatforms) = preSolution
		Debug|Any CPU = Debug|Any CPU
		Release|Any CPU = Release|Any CPU
	EndGlobalSection
	GlobalSection(ProjectConfigurationPlatforms) = postSolution
		{184EF15D-FF56-4EE6-8C5F-C7437F819492}.Debug|Any CPU.ActiveCfg = Debug|Any CPU
		{184EF15D-FF56-4EE6-8C5F-C7437F819492}.Debug|Any CPU.Build.0 = Debug|Any CPU
		{184EF15D-FF56-4EE6-8C5F-C7437F819492}.Release|Any CPU.ActiveCfg = Release|Any CPU
		{184EF15D-FF56-4EE6-8C5F-C7437F819492}.Release|Any CPU.Build.0 = Release|Any CPU
	EndGlobalSection
	GlobalSection(SolutionProperties) = preSolution
		HideSolutionNode = FALSE
	EndGlobalSection
	GlobalSection(ExtensibilityGlobals) = postSolution
		SolutionGuid = {4C4EBA6A-2883-4907-910C-33409F60CD34}
	EndGlobalSection
EndGlobal
